
Microsoft Visual Studio Solution File, Format Version 12.00
# Visual Studio Version 17
VisualStudioVersion = 17.9.34728.123
MinimumVisualStudioVersion = 10.0.40219.1
Project("{8BC9CEB8-8B4A-11D0-8D11-00A0C91BC942}") = "MT3-13", "MT3-13\MT3-13.vcxproj", "{D93C13BC-25C5-4B96-B12E-C9EBE04A5ED6}"
EndProject
Global
	GlobalSection(SolutionConfigurationPlatforms) = preSolution
		Debug|x64 = Debug|x64
		Release|x64 = Release|x64
	EndGlobalSection
	GlobalSection(ProjectConfigurationPlatforms) = postSolution
		{D93C13BC-25C5-4B96-B12E-C9EBE04A5ED6}.Debug|x64.ActiveCfg = Debug|x64
		{D93C13BC-25C5-4B96-B12E-C9EBE04A5ED6}.Debug|x64.Build.0 = Debug|x64
		{D93C13BC-25C5-4B96-B12E-C9EBE04A5ED6}.Release|x64.ActiveCfg = Release|x64
		{D93C13BC-25C5-4B96-B12E-C9EBE04A5ED6}.Release|x64.Build.0 = Release|x64
	EndGlobalSection
	GlobalSection(SolutionProperties) = preSolution
		HideSolutionNode = FALSE
	EndGlobalSection
	GlobalSection(ExtensibilityGlobals) = postSolution
		SolutionGuid = {F826527D-0F6F-4504-A089-79B81406E575}
	EndGlobalSection
EndGlobal
